
Microsoft Visual Studio Solution File, Format Version 12.00
# Visual Studio Version 16
VisualStudioVersion = 16.0.31005.135
MinimumVisualStudioVersion = 10.0.40219.1
Project("{FAE04EC0-301F-11D3-BF4B-00C04F79EFBC}") = "GameProject", "GameProject\GameProject.csproj", "{7E61F5EE-E014-4FC9-9362-9D0398E71088}"
EndProject
Global
	GlobalSection(SolutionConfigurationPlatforms) = preSolution
		Debug|Any CPU = Debug|Any CPU
		Release|Any CPU = Release|Any CPU
	EndGlobalSection
	GlobalSection(ProjectConfigurationPlatforms) = postSolution
		{7E61F5EE-E014-4FC9-9362-9D0398E71088}.Debug|Any CPU.ActiveCfg = Debug|Any CPU
		{7E61F5EE-E014-4FC9-9362-9D0398E71088}.Debug|Any CPU.Build.0 = Debug|Any CPU
		{7E61F5EE-E014-4FC9-9362-9D0398E71088}.Release|Any CPU.ActiveCfg = Release|Any CPU
		{7E61F5EE-E014-4FC9-9362-9D0398E71088}.Release|Any CPU.Build.0 = Release|Any CPU
	EndGlobalSection
	GlobalSection(SolutionProperties) = preSolution
		HideSolutionNode = FALSE
	EndGlobalSection
	GlobalSection(ExtensibilityGlobals) = postSolution
		SolutionGuid = {0BC52E6A-D11C-44BD-97A4-B6A46E22E274}
	EndGlobalSection
EndGlobal
